// !$*UTF8*$!
{
	archiveVersion = 1;
	classes = {
	};
	objectVersion = 46;
	objects = {

/* Begin PBXBuildFile section */
		CC3D9E241E34632D00EC1FB6 /* HistoryTableVC.swift in Sources */ = {isa = PBXBuildFile; fileRef = CC3D9E231E34632D00EC1FB6 /* HistoryTableVC.swift */; };
		CC4A65051E33160200DB3B8C /* ProfileVC.swift in Sources */ = {isa = PBXBuildFile; fileRef = CC4A65041E33160200DB3B8C /* ProfileVC.swift */; };
		CC5F67BE1E8F4DED00095271 /* DayTableViewCell.swift in Sources */ = {isa = PBXBuildFile; fileRef = CC5F67BD1E8F4DEC00095271 /* DayTableViewCell.swift */; };
		CC7D2F401E2C151900E211E6 /* StackElementVC.swift in Sources */ = {isa = PBXBuildFile; fileRef = CC7D2F3F1E2C151900E211E6 /* StackElementVC.swift */; };
		CC8F40461E893C13005FBE89 /* WorkYear.swift in Sources */ = {isa = PBXBuildFile; fileRef = CC8F40451E893C13005FBE89 /* WorkYear.swift */; };
		CC8F40481E8BE1F3005FBE89 /* WorkMonthTableVC.swift in Sources */ = {isa = PBXBuildFile; fileRef = CC8F40471E8BE1F3005FBE89 /* WorkMonthTableVC.swift */; };
		CCB82A691E3262AF00EE25AE /* SideBar.swift in Sources */ = {isa = PBXBuildFile; fileRef = CCB82A681E3262AF00EE25AE /* SideBar.swift */; };
		CCB82A6B1E3262EF00EE25AE /* SideBarTableVC.swift in Sources */ = {isa = PBXBuildFile; fileRef = CCB82A6A1E3262EF00EE25AE /* SideBarTableVC.swift */; };
		CCB82A6E1E32CCDA00EE25AE /* DesignableButton.swift in Sources */ = {isa = PBXBuildFile; fileRef = CCB82A6D1E32CCDA00EE25AE /* DesignableButton.swift */; };
		CCB82A701E32CDCA00EE25AE /* BounceButton.swift in Sources */ = {isa = PBXBuildFile; fileRef = CCB82A6F1E32CDCA00EE25AE /* BounceButton.swift */; };
		CCB82A721E32D30F00EE25AE /* GradientView.swift in Sources */ = {isa = PBXBuildFile; fileRef = CCB82A711E32D30F00EE25AE /* GradientView.swift */; };
		CCB82A741E330B0A00EE25AE /* DesignableTextField.swift in Sources */ = {isa = PBXBuildFile; fileRef = CCB82A731E330B0A00EE25AE /* DesignableTextField.swift */; };
		CCB82A761E330FF900EE25AE /* DesignableView.swift in Sources */ = {isa = PBXBuildFile; fileRef = CCB82A751E330FF900EE25AE /* DesignableView.swift */; };
		CCCDF88C1E7E36B5002D0898 /* DesignableTextView.swift in Sources */ = {isa = PBXBuildFile; fileRef = CCCDF88B1E7E36B5002D0898 /* DesignableTextView.swift */; };
		CCCDF88E1E7E3A0D002D0898 /* AddEditVC.swift in Sources */ = {isa = PBXBuildFile; fileRef = CCCDF88D1E7E3A0D002D0898 /* AddEditVC.swift */; };
		CCCDF8901E7EFDF7002D0898 /* DateFunctions.swift in Sources */ = {isa = PBXBuildFile; fileRef = CCCDF88F1E7EFDF7002D0898 /* DateFunctions.swift */; };
		CCCDF8921E7EFED7002D0898 /* WorkDay.swift in Sources */ = {isa = PBXBuildFile; fileRef = CCCDF8911E7EFED7002D0898 /* WorkDay.swift */; };
		CCE488C31E83748A0093229B /* MonthTableViewCell.swift in Sources */ = {isa = PBXBuildFile; fileRef = CCE488C21E83748A0093229B /* MonthTableViewCell.swift */; };
		CCE488C51E84C3760093229B /* WorkMonth.swift in Sources */ = {isa = PBXBuildFile; fileRef = CCE488C41E84C3760093229B /* WorkMonth.swift */; };
		CCF3C9F51E2691FC008AC253 /* AppDelegate.swift in Sources */ = {isa = PBXBuildFile; fileRef = CCF3C9F41E2691FC008AC253 /* AppDelegate.swift */; };
		CCF3C9F71E2691FC008AC253 /* MainViewController.swift in Sources */ = {isa = PBXBuildFile; fileRef = CCF3C9F61E2691FC008AC253 /* MainViewController.swift */; };
		CCF3C9FA1E2691FC008AC253 /* Main.storyboard in Resources */ = {isa = PBXBuildFile; fileRef = CCF3C9F81E2691FC008AC253 /* Main.storyboard */; };
		CCF3C9FC1E2691FC008AC253 /* Assets.xcassets in Resources */ = {isa = PBXBuildFile; fileRef = CCF3C9FB1E2691FC008AC253 /* Assets.xcassets */; };
		CCF3C9FF1E2691FC008AC253 /* LaunchScreen.storyboard in Resources */ = {isa = PBXBuildFile; fileRef = CCF3C9FD1E2691FC008AC253 /* LaunchScreen.storyboard */; };
		CCF3CA0A1E2691FC008AC253 /* iPayrollTests.swift in Sources */ = {isa = PBXBuildFile; fileRef = CCF3CA091E2691FC008AC253 /* iPayrollTests.swift */; };
		CCF3CA151E2691FC008AC253 /* iPayrollUITests.swift in Sources */ = {isa = PBXBuildFile; fileRef = CCF3CA141E2691FC008AC253 /* iPayrollUITests.swift */; };
		CCF3CA291E2697C3008AC253 /* CloudKit.framework in Frameworks */ = {isa = PBXBuildFile; fileRef = CCF3CA281E2697C3008AC253 /* CloudKit.framework */; };
		CCF3CA331E272749008AC253 /* Extensions.swift in Sources */ = {isa = PBXBuildFile; fileRef = CCF3CA321E272749008AC253 /* Extensions.swift */; };
/* End PBXBuildFile section */

/* Begin PBXContainerItemProxy section */
		CCF3CA061E2691FC008AC253 /* PBXContainerItemProxy */ = {
			isa = PBXContainerItemProxy;
			containerPortal = CCF3C9E91E2691FC008AC253 /* Project object */;
			proxyType = 1;
			remoteGlobalIDString = CCF3C9F01E2691FC008AC253;
			remoteInfo = iPayroll;
		};
		CCF3CA111E2691FC008AC253 /* PBXContainerItemProxy */ = {
			isa = PBXContainerItemProxy;
			containerPortal = CCF3C9E91E2691FC008AC253 /* Project object */;
			proxyType = 1;
			remoteGlobalIDString = CCF3C9F01E2691FC008AC253;
			remoteInfo = iPayroll;
		};
/* End PBXContainerItemProxy section */

/* Begin PBXFileReference section */
		CC3D9E231E34632D00EC1FB6 /* HistoryTableVC.swift */ = {isa = PBXFileReference; fileEncoding = 4; lastKnownFileType = sourcecode.swift; path = HistoryTableVC.swift; sourceTree = "<group>"; };
		CC4A65041E33160200DB3B8C /* ProfileVC.swift */ = {isa = PBXFileReference; fileEncoding = 4; lastKnownFileType = sourcecode.swift; path = ProfileVC.swift; sourceTree = "<group>"; };
		CC5F67BD1E8F4DEC00095271 /* DayTableViewCell.swift */ = {isa = PBXFileReference; fileEncoding = 4; lastKnownFileType = sourcecode.swift; path = DayTableViewCell.swift; sourceTree = "<group>"; };
		CC7D2F3F1E2C151900E211E6 /* StackElementVC.swift */ = {isa = PBXFileReference; fileEncoding = 4; lastKnownFileType = sourcecode.swift; path = StackElementVC.swift; sourceTree = "<group>"; };
		CC8F40451E893C13005FBE89 /* WorkYear.swift */ = {isa = PBXFileReference; fileEncoding = 4; lastKnownFileType = sourcecode.swift; path = WorkYear.swift; sourceTree = "<group>"; };
		CC8F40471E8BE1F3005FBE89 /* WorkMonthTableVC.swift */ = {isa = PBXFileReference; fileEncoding = 4; lastKnownFileType = sourcecode.swift; path = WorkMonthTableVC.swift; sourceTree = "<group>"; };
		CCB82A681E3262AF00EE25AE /* SideBar.swift */ = {isa = PBXFileReference; fileEncoding = 4; lastKnownFileType = sourcecode.swift; path = SideBar.swift; sourceTree = "<group>"; };
		CCB82A6A1E3262EF00EE25AE /* SideBarTableVC.swift */ = {isa = PBXFileReference; fileEncoding = 4; lastKnownFileType = sourcecode.swift; path = SideBarTableVC.swift; sourceTree = "<group>"; };
		CCB82A6D1E32CCDA00EE25AE /* DesignableButton.swift */ = {isa = PBXFileReference; fileEncoding = 4; lastKnownFileType = sourcecode.swift; path = DesignableButton.swift; sourceTree = "<group>"; };
		CCB82A6F1E32CDCA00EE25AE /* BounceButton.swift */ = {isa = PBXFileReference; fileEncoding = 4; lastKnownFileType = sourcecode.swift; path = BounceButton.swift; sourceTree = "<group>"; };
		CCB82A711E32D30F00EE25AE /* GradientView.swift */ = {isa = PBXFileReference; fileEncoding = 4; lastKnownFileType = sourcecode.swift; path = GradientView.swift; sourceTree = "<group>"; };
		CCB82A731E330B0A00EE25AE /* DesignableTextField.swift */ = {isa = PBXFileReference; fileEncoding = 4; lastKnownFileType = sourcecode.swift; path = DesignableTextField.swift; sourceTree = "<group>"; };
		CCB82A751E330FF900EE25AE /* DesignableView.swift */ = {isa = PBXFileReference; fileEncoding = 4; lastKnownFileType = sourcecode.swift; path = DesignableView.swift; sourceTree = "<group>"; };
		CCCDF88B1E7E36B5002D0898 /* DesignableTextView.swift */ = {isa = PBXFileReference; fileEncoding = 4; lastKnownFileType = sourcecode.swift; path = DesignableTextView.swift; sourceTree = "<group>"; };
		CCCDF88D1E7E3A0D002D0898 /* AddEditVC.swift */ = {isa = PBXFileReference; fileEncoding = 4; lastKnownFileType = sourcecode.swift; path = AddEditVC.swift; sourceTree = "<group>"; };
		CCCDF88F1E7EFDF7002D0898 /* DateFunctions.swift */ = {isa = PBXFileReference; fileEncoding = 4; lastKnownFileType = sourcecode.swift; path = DateFunctions.swift; sourceTree = "<group>"; };
		CCCDF8911E7EFED7002D0898 /* WorkDay.swift */ = {isa = PBXFileReference; fileEncoding = 4; lastKnownFileType = sourcecode.swift; path = WorkDay.swift; sourceTree = "<group>"; };
		CCE488C21E83748A0093229B /* MonthTableViewCell.swift */ = {isa = PBXFileReference; fileEncoding = 4; lastKnownFileType = sourcecode.swift; path = MonthTableViewCell.swift; sourceTree = "<group>"; };
		CCE488C41E84C3760093229B /* WorkMonth.swift */ = {isa = PBXFileReference; fileEncoding = 4; lastKnownFileType = sourcecode.swift; path = WorkMonth.swift; sourceTree = "<group>"; };
		CCF3C9F11E2691FC008AC253 /* iPayroll.app */ = {isa = PBXFileReference; explicitFileType = wrapper.application; includeInIndex = 0; path = iPayroll.app; sourceTree = BUILT_PRODUCTS_DIR; };
		CCF3C9F41E2691FC008AC253 /* AppDelegate.swift */ = {isa = PBXFileReference; lastKnownFileType = sourcecode.swift; path = AppDelegate.swift; sourceTree = "<group>"; };
		CCF3C9F61E2691FC008AC253 /* MainViewController.swift */ = {isa = PBXFileReference; lastKnownFileType = sourcecode.swift; path = MainViewController.swift; sourceTree = "<group>"; };
		CCF3C9F91E2691FC008AC253 /* Base */ = {isa = PBXFileReference; lastKnownFileType = file.storyboard; name = Base; path = Base.lproj/Main.storyboard; sourceTree = "<group>"; };
		CCF3C9FB1E2691FC008AC253 /* Assets.xcassets */ = {isa = PBXFileReference; lastKnownFileType = folder.assetcatalog; path = Assets.xcassets; sourceTree = "<group>"; };
		CCF3C9FE1E2691FC008AC253 /* Base */ = {isa = PBXFileReference; lastKnownFileType = file.storyboard; name = Base; path = Base.lproj/LaunchScreen.storyboard; sourceTree = "<group>"; };
		CCF3CA001E2691FC008AC253 /* Info.plist */ = {isa = PBXFileReference; lastKnownFileType = text.plist.xml; path = Info.plist; sourceTree = "<group>"; };
		CCF3CA051E2691FC008AC253 /* iPayrollTests.xctest */ = {isa = PBXFileReference; explicitFileType = wrapper.cfbundle; includeInIndex = 0; path = iPayrollTests.xctest; sourceTree = BUILT_PRODUCTS_DIR; };
		CCF3CA091E2691FC008AC253 /* iPayrollTests.swift */ = {isa = PBXFileReference; lastKnownFileType = sourcecode.swift; path = iPayrollTests.swift; sourceTree = "<group>"; };
		CCF3CA0B1E2691FC008AC253 /* Info.plist */ = {isa = PBXFileReference; lastKnownFileType = text.plist.xml; path = Info.plist; sourceTree = "<group>"; };
		CCF3CA101E2691FC008AC253 /* iPayrollUITests.xctest */ = {isa = PBXFileReference; explicitFileType = wrapper.cfbundle; includeInIndex = 0; path = iPayrollUITests.xctest; sourceTree = BUILT_PRODUCTS_DIR; };
		CCF3CA141E2691FC008AC253 /* iPayrollUITests.swift */ = {isa = PBXFileReference; lastKnownFileType = sourcecode.swift; path = iPayrollUITests.swift; sourceTree = "<group>"; };
		CCF3CA161E2691FC008AC253 /* Info.plist */ = {isa = PBXFileReference; lastKnownFileType = text.plist.xml; path = Info.plist; sourceTree = "<group>"; };
		CCF3CA221E26920F008AC253 /* iPayroll.entitlements */ = {isa = PBXFileReference; lastKnownFileType = text.plist.entitlements; path = iPayroll.entitlements; sourceTree = "<group>"; };
		CCF3CA281E2697C3008AC253 /* CloudKit.framework */ = {isa = PBXFileReference; lastKnownFileType = wrapper.framework; name = CloudKit.framework; path = System/Library/Frameworks/CloudKit.framework; sourceTree = SDKROOT; };
		CCF3CA321E272749008AC253 /* Extensions.swift */ = {isa = PBXFileReference; fileEncoding = 4; lastKnownFileType = sourcecode.swift; path = Extensions.swift; sourceTree = "<group>"; };
/* End PBXFileReference section */

/* Begin PBXFrameworksBuildPhase section */
		CCF3C9EE1E2691FC008AC253 /* Frameworks */ = {
			isa = PBXFrameworksBuildPhase;
			buildActionMask = 2147483647;
			files = (
				CCF3CA291E2697C3008AC253 /* CloudKit.framework in Frameworks */,
			);
			runOnlyForDeploymentPostprocessing = 0;
		};
		CCF3CA021E2691FC008AC253 /* Frameworks */ = {
			isa = PBXFrameworksBuildPhase;
			buildActionMask = 2147483647;
			files = (
			);
			runOnlyForDeploymentPostprocessing = 0;
		};
		CCF3CA0D1E2691FC008AC253 /* Frameworks */ = {
			isa = PBXFrameworksBuildPhase;
			buildActionMask = 2147483647;
			files = (
			);
			runOnlyForDeploymentPostprocessing = 0;
		};
/* End PBXFrameworksBuildPhase section */

/* Begin PBXGroup section */
		CCB82A6C1E32CC9300EE25AE /* CustomControls */ = {
			isa = PBXGroup;
			children = (
				CCB82A6D1E32CCDA00EE25AE /* DesignableButton.swift */,
				CCB82A6F1E32CDCA00EE25AE /* BounceButton.swift */,
				CCB82A731E330B0A00EE25AE /* DesignableTextField.swift */,
				CCB82A711E32D30F00EE25AE /* GradientView.swift */,
				CCB82A751E330FF900EE25AE /* DesignableView.swift */,
				CCCDF88B1E7E36B5002D0898 /* DesignableTextView.swift */,
			);
			name = CustomControls;
			sourceTree = "<group>";
		};
		CCF3C9E81E2691FC008AC253 = {
			isa = PBXGroup;
			children = (
				CCF3C9F31E2691FC008AC253 /* iPayroll */,
				CCF3CA081E2691FC008AC253 /* iPayrollTests */,
				CCF3CA131E2691FC008AC253 /* iPayrollUITests */,
				CCF3C9F21E2691FC008AC253 /* Products */,
				CCF3CA231E269212008AC253 /* Frameworks */,
			);
			sourceTree = "<group>";
		};
		CCF3C9F21E2691FC008AC253 /* Products */ = {
			isa = PBXGroup;
			children = (
				CCF3C9F11E2691FC008AC253 /* iPayroll.app */,
				CCF3CA051E2691FC008AC253 /* iPayrollTests.xctest */,
				CCF3CA101E2691FC008AC253 /* iPayrollUITests.xctest */,
			);
			name = Products;
			sourceTree = "<group>";
		};
		CCF3C9F31E2691FC008AC253 /* iPayroll */ = {
			isa = PBXGroup;
			children = (
				CCF3CA221E26920F008AC253 /* iPayroll.entitlements */,
				CCF3C9F41E2691FC008AC253 /* AppDelegate.swift */,
				CCB82A6C1E32CC9300EE25AE /* CustomControls */,
				CCF3CA2D1E26A3F6008AC253 /* Model */,
				CCF3CA2C1E26A3E6008AC253 /* View */,
				CCF3CA2A1E26A3A6008AC253 /* Controller */,
				CCF3CA2B1E26A3C7008AC253 /* Helper */,
				CCF3C9F81E2691FC008AC253 /* Main.storyboard */,
				CCF3C9FB1E2691FC008AC253 /* Assets.xcassets */,
				CCF3C9FD1E2691FC008AC253 /* LaunchScreen.storyboard */,
				CCF3CA001E2691FC008AC253 /* Info.plist */,
			);
			path = iPayroll;
			sourceTree = "<group>";
		};
		CCF3CA081E2691FC008AC253 /* iPayrollTests */ = {
			isa = PBXGroup;
			children = (
				CCF3CA091E2691FC008AC253 /* iPayrollTests.swift */,
				CCF3CA0B1E2691FC008AC253 /* Info.plist */,
			);
			path = iPayrollTests;
			sourceTree = "<group>";
		};
		CCF3CA131E2691FC008AC253 /* iPayrollUITests */ = {
			isa = PBXGroup;
			children = (
				CCF3CA141E2691FC008AC253 /* iPayrollUITests.swift */,
				CCF3CA161E2691FC008AC253 /* Info.plist */,
			);
			path = iPayrollUITests;
			sourceTree = "<group>";
		};
		CCF3CA231E269212008AC253 /* Frameworks */ = {
			isa = PBXGroup;
			children = (
				CCF3CA281E2697C3008AC253 /* CloudKit.framework */,
			);
			name = Frameworks;
			sourceTree = "<group>";
		};
		CCF3CA2A1E26A3A6008AC253 /* Controller */ = {
			isa = PBXGroup;
			children = (
				CCF3C9F61E2691FC008AC253 /* MainViewController.swift */,
				CCB82A681E3262AF00EE25AE /* SideBar.swift */,
				CCB82A6A1E3262EF00EE25AE /* SideBarTableVC.swift */,
				CC7D2F3F1E2C151900E211E6 /* StackElementVC.swift */,
				CC3D9E231E34632D00EC1FB6 /* HistoryTableVC.swift */,
				CCE488C21E83748A0093229B /* MonthTableViewCell.swift */,
				CC8F40471E8BE1F3005FBE89 /* WorkMonthTableVC.swift */,
				CC5F67BD1E8F4DEC00095271 /* DayTableViewCell.swift */,
				CCCDF88D1E7E3A0D002D0898 /* AddEditVC.swift */,
				CC4A65041E33160200DB3B8C /* ProfileVC.swift */,
			);
			name = Controller;
			sourceTree = "<group>";
		};
		CCF3CA2B1E26A3C7008AC253 /* Helper */ = {
			isa = PBXGroup;
			children = (
				CCF3CA321E272749008AC253 /* Extensions.swift */,
				CCCDF88F1E7EFDF7002D0898 /* DateFunctions.swift */,
			);
			name = Helper;
			sourceTree = "<group>";
		};
		CCF3CA2C1E26A3E6008AC253 /* View */ = {
			isa = PBXGroup;
			children = (
			);
			name = View;
			sourceTree = "<group>";
		};
		CCF3CA2D1E26A3F6008AC253 /* Model */ = {
			isa = PBXGroup;
			children = (
				CCCDF8911E7EFED7002D0898 /* WorkDay.swift */,
				CCE488C41E84C3760093229B /* WorkMonth.swift */,
				CC8F40451E893C13005FBE89 /* WorkYear.swift */,
			);
			name = Model;
			sourceTree = "<group>";
		};
/* End PBXGroup section */

/* Begin PBXNativeTarget section */
		CCF3C9F01E2691FC008AC253 /* iPayroll */ = {
			isa = PBXNativeTarget;
			buildConfigurationList = CCF3CA191E2691FC008AC253 /* Build configuration list for PBXNativeTarget "iPayroll" */;
			buildPhases = (
				CCF3C9ED1E2691FC008AC253 /* Sources */,
				CCF3C9EE1E2691FC008AC253 /* Frameworks */,
				CCF3C9EF1E2691FC008AC253 /* Resources */,
			);
			buildRules = (
			);
			dependencies = (
			);
			name = iPayroll;
			productName = iPayroll;
			productReference = CCF3C9F11E2691FC008AC253 /* iPayroll.app */;
			productType = "com.apple.product-type.application";
		};
		CCF3CA041E2691FC008AC253 /* iPayrollTests */ = {
			isa = PBXNativeTarget;
			buildConfigurationList = CCF3CA1C1E2691FC008AC253 /* Build configuration list for PBXNativeTarget "iPayrollTests" */;
			buildPhases = (
				CCF3CA011E2691FC008AC253 /* Sources */,
				CCF3CA021E2691FC008AC253 /* Frameworks */,
				CCF3CA031E2691FC008AC253 /* Resources */,
			);
			buildRules = (
			);
			dependencies = (
				CCF3CA071E2691FC008AC253 /* PBXTargetDependency */,
			);
			name = iPayrollTests;
			productName = iPayrollTests;
			productReference = CCF3CA051E2691FC008AC253 /* iPayrollTests.xctest */;
			productType = "com.apple.product-type.bundle.unit-test";
		};
		CCF3CA0F1E2691FC008AC253 /* iPayrollUITests */ = {
			isa = PBXNativeTarget;
			buildConfigurationList = CCF3CA1F1E2691FC008AC253 /* Build configuration list for PBXNativeTarget "iPayrollUITests" */;
			buildPhases = (
				CCF3CA0C1E2691FC008AC253 /* Sources */,
				CCF3CA0D1E2691FC008AC253 /* Frameworks */,
				CCF3CA0E1E2691FC008AC253 /* Resources */,
			);
			buildRules = (
			);
			dependencies = (
				CCF3CA121E2691FC008AC253 /* PBXTargetDependency */,
			);
			name = iPayrollUITests;
			productName = iPayrollUITests;
			productReference = CCF3CA101E2691FC008AC253 /* iPayrollUITests.xctest */;
			productType = "com.apple.product-type.bundle.ui-testing";
		};
/* End PBXNativeTarget section */

/* Begin PBXProject section */
		CCF3C9E91E2691FC008AC253 /* Project object */ = {
			isa = PBXProject;
			attributes = {
				LastSwiftUpdateCheck = 0820;
				LastUpgradeCheck = 0820;
				ORGANIZATIONNAME = "Joel Pineiro";
				TargetAttributes = {
					CCF3C9F01E2691FC008AC253 = {
						CreatedOnToolsVersion = 8.2.1;
						DevelopmentTeam = 68MSHLHT6V;
						ProvisioningStyle = Automatic;
						SystemCapabilities = {
							com.apple.Push = {
								enabled = 0;
							};
							com.apple.iCloud = {
								enabled = 1;
							};
						};
					};
					CCF3CA041E2691FC008AC253 = {
						CreatedOnToolsVersion = 8.2.1;
						DevelopmentTeam = 68MSHLHT6V;
						ProvisioningStyle = Automatic;
						TestTargetID = CCF3C9F01E2691FC008AC253;
					};
					CCF3CA0F1E2691FC008AC253 = {
						CreatedOnToolsVersion = 8.2.1;
						DevelopmentTeam = 68MSHLHT6V;
						ProvisioningStyle = Automatic;
						TestTargetID = CCF3C9F01E2691FC008AC253;
					};
				};
			};
			buildConfigurationList = CCF3C9EC1E2691FC008AC253 /* Build configuration list for PBXProject "iPayroll" */;
			compatibilityVersion = "Xcode 3.2";
			developmentRegion = English;
			hasScannedForEncodings = 0;
			knownRegions = (
				en,
				Base,
			);
			mainGroup = CCF3C9E81E2691FC008AC253;
			productRefGroup = CCF3C9F21E2691FC008AC253 /* Products */;
			projectDirPath = "";
			projectRoot = "";
			targets = (
				CCF3C9F01E2691FC008AC253 /* iPayroll */,
				CCF3CA041E2691FC008AC253 /* iPayrollTests */,
				CCF3CA0F1E2691FC008AC253 /* iPayrollUITests */,
			);
		};
/* End PBXProject section */

/* Begin PBXResourcesBuildPhase section */
		CCF3C9EF1E2691FC008AC253 /* Resources */ = {
			isa = PBXResourcesBuildPhase;
			buildActionMask = 2147483647;
			files = (
				CCF3C9FF1E2691FC008AC253 /* LaunchScreen.storyboard in Resources */,
				CCF3C9FC1E2691FC008AC253 /* Assets.xcassets in Resources */,
				CCF3C9FA1E2691FC008AC253 /* Main.storyboard in Resources */,
			);
			runOnlyForDeploymentPostprocessing = 0;
		};
		CCF3CA031E2691FC008AC253 /* Resources */ = {
			isa = PBXResourcesBuildPhase;
			buildActionMask = 2147483647;
			files = (
			);
			runOnlyForDeploymentPostprocessing = 0;
		};
		CCF3CA0E1E2691FC008AC253 /* Resources */ = {
			isa = PBXResourcesBuildPhase;
			buildActionMask = 2147483647;
			files = (
			);
			runOnlyForDeploymentPostprocessing = 0;
		};
/* End PBXResourcesBuildPhase section */

/* Begin PBXSourcesBuildPhase section */
		CCF3C9ED1E2691FC008AC253 /* Sources */ = {
			isa = PBXSourcesBuildPhase;
			buildActionMask = 2147483647;
			files = (
				CCF3CA331E272749008AC253 /* Extensions.swift in Sources */,
				CCF3C9F71E2691FC008AC253 /* MainViewController.swift in Sources */,
				CCCDF88E1E7E3A0D002D0898 /* AddEditVC.swift in Sources */,
				CCB82A6E1E32CCDA00EE25AE /* DesignableButton.swift in Sources */,
				CCCDF88C1E7E36B5002D0898 /* DesignableTextView.swift in Sources */,
				CC8F40481E8BE1F3005FBE89 /* WorkMonthTableVC.swift in Sources */,
				CC8F40461E893C13005FBE89 /* WorkYear.swift in Sources */,
				CCCDF8901E7EFDF7002D0898 /* DateFunctions.swift in Sources */,
				CC5F67BE1E8F4DED00095271 /* DayTableViewCell.swift in Sources */,
				CCB82A761E330FF900EE25AE /* DesignableView.swift in Sources */,
				CCB82A6B1E3262EF00EE25AE /* SideBarTableVC.swift in Sources */,
				CCB82A691E3262AF00EE25AE /* SideBar.swift in Sources */,
				CCE488C51E84C3760093229B /* WorkMonth.swift in Sources */,
				CC4A65051E33160200DB3B8C /* ProfileVC.swift in Sources */,
				CCE488C31E83748A0093229B /* MonthTableViewCell.swift in Sources */,
				CCB82A701E32CDCA00EE25AE /* BounceButton.swift in Sources */,
				CC7D2F401E2C151900E211E6 /* StackElementVC.swift in Sources */,
				CCB82A741E330B0A00EE25AE /* DesignableTextField.swift in Sources */,
				CCF3C9F51E2691FC008AC253 /* AppDelegate.swift in Sources */,
				CCB82A721E32D30F00EE25AE /* GradientView.swift in Sources */,
				CCCDF8921E7EFED7002D0898 /* WorkDay.swift in Sources */,
				CC3D9E241E34632D00EC1FB6 /* HistoryTableVC.swift in Sources */,
			);
			runOnlyForDeploymentPostprocessing = 0;
		};
		CCF3CA011E2691FC008AC253 /* Sources */ = {
			isa = PBXSourcesBuildPhase;
			buildActionMask = 2147483647;
			files = (
				CCF3CA0A1E2691FC008AC253 /* iPayrollTests.swift in Sources */,
			);
			runOnlyForDeploymentPostprocessing = 0;
		};
		CCF3CA0C1E2691FC008AC253 /* Sources */ = {
			isa = PBXSourcesBuildPhase;
			buildActionMask = 2147483647;
			files = (
				CCF3CA151E2691FC008AC253 /* iPayrollUITests.swift in Sources */,
			);
			runOnlyForDeploymentPostprocessing = 0;
		};
/* End PBXSourcesBuildPhase section */

/* Begin PBXTargetDependency section */
		CCF3CA071E2691FC008AC253 /* PBXTargetDependency */ = {
			isa = PBXTargetDependency;
			target = CCF3C9F01E2691FC008AC253 /* iPayroll */;
			targetProxy = CCF3CA061E2691FC008AC253 /* PBXContainerItemProxy */;
		};
		CCF3CA121E2691FC008AC253 /* PBXTargetDependency */ = {
			isa = PBXTargetDependency;
			target = CCF3C9F01E2691FC008AC253 /* iPayroll */;
			targetProxy = CCF3CA111E2691FC008AC253 /* PBXContainerItemProxy */;
		};
/* End PBXTargetDependency section */

/* Begin PBXVariantGroup section */
		CCF3C9F81E2691FC008AC253 /* Main.storyboard */ = {
			isa = PBXVariantGroup;
			children = (
				CCF3C9F91E2691FC008AC253 /* Base */,
			);
			name = Main.storyboard;
			sourceTree = "<group>";
		};
		CCF3C9FD1E2691FC008AC253 /* LaunchScreen.storyboard */ = {
			isa = PBXVariantGroup;
			children = (
				CCF3C9FE1E2691FC008AC253 /* Base */,
			);
			name = LaunchScreen.storyboard;
			sourceTree = "<group>";
		};
/* End PBXVariantGroup section */

/* Begin XCBuildConfiguration section */
		CCF3CA171E2691FC008AC253 /* Debug */ = {
			isa = XCBuildConfiguration;
			buildSettings = {
				ALWAYS_SEARCH_USER_PATHS = NO;
				CLANG_ANALYZER_NONNULL = YES;
				CLANG_CXX_LANGUAGE_STANDARD = "gnu++0x";
				CLANG_CXX_LIBRARY = "libc++";
				CLANG_ENABLE_MODULES = YES;
				CLANG_ENABLE_OBJC_ARC = YES;
				CLANG_WARN_BOOL_CONVERSION = YES;
				CLANG_WARN_CONSTANT_CONVERSION = YES;
				CLANG_WARN_DIRECT_OBJC_ISA_USAGE = YES_ERROR;
				CLANG_WARN_DOCUMENTATION_COMMENTS = YES;
				CLANG_WARN_EMPTY_BODY = YES;
				CLANG_WARN_ENUM_CONVERSION = YES;
				CLANG_WARN_INFINITE_RECURSION = YES;
				CLANG_WARN_INT_CONVERSION = YES;
				CLANG_WARN_OBJC_ROOT_CLASS = YES_ERROR;
				CLANG_WARN_SUSPICIOUS_MOVE = YES;
				CLANG_WARN_UNREACHABLE_CODE = YES;
				CLANG_WARN__DUPLICATE_METHOD_MATCH = YES;
				"CODE_SIGN_IDENTITY[sdk=iphoneos*]" = "iPhone Developer";
				COPY_PHASE_STRIP = NO;
				DEBUG_INFORMATION_FORMAT = dwarf;
				ENABLE_STRICT_OBJC_MSGSEND = YES;
				ENABLE_TESTABILITY = YES;
				GCC_C_LANGUAGE_STANDARD = gnu99;
				GCC_DYNAMIC_NO_PIC = NO;
				GCC_NO_COMMON_BLOCKS = YES;
				GCC_OPTIMIZATION_LEVEL = 0;
				GCC_PREPROCESSOR_DEFINITIONS = (
					"DEBUG=1",
					"$(inherited)",
				);
				GCC_WARN_64_TO_32_BIT_CONVERSION = YES;
				GCC_WARN_ABOUT_RETURN_TYPE = YES_ERROR;
				GCC_WARN_UNDECLARED_SELECTOR = YES;
				GCC_WARN_UNINITIALIZED_AUTOS = YES_AGGRESSIVE;
				GCC_WARN_UNUSED_FUNCTION = YES;
				GCC_WARN_UNUSED_VARIABLE = YES;
				IPHONEOS_DEPLOYMENT_TARGET = 10.0;
				MTL_ENABLE_DEBUG_INFO = YES;
				ONLY_ACTIVE_ARCH = YES;
				SDKROOT = iphoneos;
				SWIFT_ACTIVE_COMPILATION_CONDITIONS = DEBUG;
				SWIFT_OPTIMIZATION_LEVEL = "-Onone";
			};
			name = Debug;
		};
		CCF3CA181E2691FC008AC253 /* Release */ = {
			isa = XCBuildConfiguration;
			buildSettings = {
				ALWAYS_SEARCH_USER_PATHS = NO;
				CLANG_ANALYZER_NONNULL = YES;
				CLANG_CXX_LANGUAGE_STANDARD = "gnu++0x";
				CLANG_CXX_LIBRARY = "libc++";
				CLANG_ENABLE_MODULES = YES;
				CLANG_ENABLE_OBJC_ARC = YES;
				CLANG_WARN_BOOL_CONVERSION = YES;
				CLANG_WARN_CONSTANT_CONVERSION = YES;
				CLANG_WARN_DIRECT_OBJC_ISA_USAGE = YES_ERROR;
				CLANG_WARN_DOCUMENTATION_COMMENTS = YES;
				CLANG_WARN_EMPTY_BODY = YES;
				CLANG_WARN_ENUM_CONVERSION = YES;
				CLANG_WARN_INFINITE_RECURSION = YES;
				CLANG_WARN_INT_CONVERSION = YES;
				CLANG_WARN_OBJC_ROOT_CLASS = YES_ERROR;
				CLANG_WARN_SUSPICIOUS_MOVE = YES;
				CLANG_WARN_UNREACHABLE_CODE = YES;
				CLANG_WARN__DUPLICATE_METHOD_MATCH = YES;
				"CODE_SIGN_IDENTITY[sdk=iphoneos*]" = "iPhone Developer";
				COPY_PHASE_STRIP = NO;
				DEBUG_INFORMATION_FORMAT = "dwarf-with-dsym";
				ENABLE_NS_ASSERTIONS = NO;
				ENABLE_STRICT_OBJC_MSGSEND = YES;
				GCC_C_LANGUAGE_STANDARD = gnu99;
				GCC_NO_COMMON_BLOCKS = YES;
				GCC_WARN_64_TO_32_BIT_CONVERSION = YES;
				GCC_WARN_ABOUT_RETURN_TYPE = YES_ERROR;
				GCC_WARN_UNDECLARED_SELECTOR = YES;
				GCC_WARN_UNINITIALIZED_AUTOS = YES_AGGRESSIVE;
				GCC_WARN_UNUSED_FUNCTION = YES;
				GCC_WARN_UNUSED_VARIABLE = YES;
				IPHONEOS_DEPLOYMENT_TARGET = 10.0;
				MTL_ENABLE_DEBUG_INFO = NO;
				SDKROOT = iphoneos;
				SWIFT_OPTIMIZATION_LEVEL = "-Owholemodule";
				VALIDATE_PRODUCT = YES;
			};
			name = Release;
		};
		CCF3CA1A1E2691FC008AC253 /* Debug */ = {
			isa = XCBuildConfiguration;
			buildSettings = {
				ASSETCATALOG_COMPILER_APPICON_NAME = AppIcon;
				CODE_SIGN_ENTITLEMENTS = iPayroll/iPayroll.entitlements;
				DEVELOPMENT_TEAM = 68MSHLHT6V;
				INFOPLIST_FILE = iPayroll/Info.plist;
				IPHONEOS_DEPLOYMENT_TARGET = 10.0;
				LD_RUNPATH_SEARCH_PATHS = "$(inherited) @executable_path/Frameworks";
				PRODUCT_BUNDLE_IDENTIFIER = XC.com.JoelPineiro.iPayroll;
				PRODUCT_NAME = "$(TARGET_NAME)";
				SWIFT_VERSION = 3.0;
			};
			name = Debug;
		};
		CCF3CA1B1E2691FC008AC253 /* Release */ = {
			isa = XCBuildConfiguration;
			buildSettings = {
				ASSETCATALOG_COMPILER_APPICON_NAME = AppIcon;
				CODE_SIGN_ENTITLEMENTS = iPayroll/iPayroll.entitlements;
				DEVELOPMENT_TEAM = 68MSHLHT6V;
				INFOPLIST_FILE = iPayroll/Info.plist;
				IPHONEOS_DEPLOYMENT_TARGET = 10.0;
				LD_RUNPATH_SEARCH_PATHS = "$(inherited) @executable_path/Frameworks";
				PRODUCT_BUNDLE_IDENTIFIER = XC.com.JoelPineiro.iPayroll;
				PRODUCT_NAME = "$(TARGET_NAME)";
				SWIFT_VERSION = 3.0;
			};
			name = Release;
		};
		CCF3CA1D1E2691FC008AC253 /* Debug */ = {
			isa = XCBuildConfiguration;
			buildSettings = {
				ALWAYS_EMBED_SWIFT_STANDARD_LIBRARIES = YES;
				BUNDLE_LOADER = "$(TEST_HOST)";
				DEVELOPMENT_TEAM = 68MSHLHT6V;
				INFOPLIST_FILE = iPayrollTests/Info.plist;
				LD_RUNPATH_SEARCH_PATHS = "$(inherited) @executable_path/Frameworks @loader_path/Frameworks";
				PRODUCT_BUNDLE_IDENTIFIER = com.JoelPineiro.iPayrollTests;
				PRODUCT_NAME = "$(TARGET_NAME)";
				SWIFT_VERSION = 3.0;
				TEST_HOST = "$(BUILT_PRODUCTS_DIR)/iPayroll.app/iPayroll";
			};
			name = Debug;
		};
		CCF3CA1E1E2691FC008AC253 /* Release */ = {
			isa = XCBuildConfiguration;
			buildSettings = {
				ALWAYS_EMBED_SWIFT_STANDARD_LIBRARIES = YES;
				BUNDLE_LOADER = "$(TEST_HOST)";
				DEVELOPMENT_TEAM = 68MSHLHT6V;
				INFOPLIST_FILE = iPayrollTests/Info.plist;
				LD_RUNPATH_SEARCH_PATHS = "$(inherited) @executable_path/Frameworks @loader_path/Frameworks";
				PRODUCT_BUNDLE_IDENTIFIER = com.JoelPineiro.iPayrollTests;
				PRODUCT_NAME = "$(TARGET_NAME)";
				SWIFT_VERSION = 3.0;
				TEST_HOST = "$(BUILT_PRODUCTS_DIR)/iPayroll.app/iPayroll";
			};
			name = Release;
		};
		CCF3CA201E2691FC008AC253 /* Debug */ = {
			isa = XCBuildConfiguration;
			buildSettings = {
				ALWAYS_EMBED_SWIFT_STANDARD_LIBRARIES = YES;
				DEVELOPMENT_TEAM = 68MSHLHT6V;
				INFOPLIST_FILE = iPayrollUITests/Info.plist;
				LD_RUNPATH_SEARCH_PATHS = "$(inherited) @executable_path/Frameworks @loader_path/Frameworks";
				PRODUCT_BUNDLE_IDENTIFIER = com.JoelPineiro.iPayrollUITests;
				PRODUCT_NAME = "$(TARGET_NAME)";
				SWIFT_VERSION = 3.0;
				TEST_TARGET_NAME = iPayroll;
			};
			name = Debug;
		};
		CCF3CA211E2691FC008AC253 /* Release */ = {
			isa = XCBuildConfiguration;
			buildSettings = {
				ALWAYS_EMBED_SWIFT_STANDARD_LIBRARIES = YES;
				DEVELOPMENT_TEAM = 68MSHLHT6V;
				INFOPLIST_FILE = iPayrollUITests/Info.plist;
				LD_RUNPATH_SEARCH_PATHS = "$(inherited) @executable_path/Frameworks @loader_path/Frameworks";
				PRODUCT_BUNDLE_IDENTIFIER = com.JoelPineiro.iPayrollUITests;
				PRODUCT_NAME = "$(TARGET_NAME)";
				SWIFT_VERSION = 3.0;
				TEST_TARGET_NAME = iPayroll;
			};
			name = Release;
		};
/* End XCBuildConfiguration section */

/* Begin XCConfigurationList section */
		CCF3C9EC1E2691FC008AC253 /* Build configuration list for PBXProject "iPayroll" */ = {
			isa = XCConfigurationList;
			buildConfigurations = (
				CCF3CA171E2691FC008AC253 /* Debug */,
				CCF3CA181E2691FC008AC253 /* Release */,
			);
			defaultConfigurationIsVisible = 0;
			defaultConfigurationName = Release;
		};
		CCF3CA191E2691FC008AC253 /* Build configuration list for PBXNativeTarget "iPayroll" */ = {
			isa = XCConfigurationList;
			buildConfigurations = (
				CCF3CA1A1E2691FC008AC253 /* Debug */,
				CCF3CA1B1E2691FC008AC253 /* Release */,
			);
			defaultConfigurationIsVisible = 0;
			defaultConfigurationName = Release;
		};
		CCF3CA1C1E2691FC008AC253 /* Build configuration list for PBXNativeTarget "iPayrollTests" */ = {
			isa = XCConfigurationList;
			buildConfigurations = (
				CCF3CA1D1E2691FC008AC253 /* Debug */,
				CCF3CA1E1E2691FC008AC253 /* Release */,
			);
			defaultConfigurationIsVisible = 0;
			defaultConfigurationName = Release;
		};
		CCF3CA1F1E2691FC008AC253 /* Build configuration list for PBXNativeTarget "iPayrollUITests" */ = {
			isa = XCConfigurationList;
			buildConfigurations = (
				CCF3CA201E2691FC008AC253 /* Debug */,
				CCF3CA211E2691FC008AC253 /* Release */,
			);
			defaultConfigurationIsVisible = 0;
			defaultConfigurationName = Release;
		};
/* End XCConfigurationList section */
	};
	rootObject = CCF3C9E91E2691FC008AC253 /* Project object */;
}
